
Microsoft Visual Studio Solution File, Format Version 12.00
# Visual Studio 2012
Project("{FAE04EC0-301F-11D3-BF4B-00C04F79EFBC}") = "CheckOut", "CheckOut\CheckOut.csproj", "{C841620C-3D31-42BE-970B-1CDA0B13C26F}"
EndProject
Project("{FAE04EC0-301F-11D3-BF4B-00C04F79EFBC}") = "CheckOutTest", "CheckOutTest\CheckOutTest.csproj", "{D91CECDC-76AE-4A41-9FA0-39F8FD5160F6}"
EndProject
Global
	GlobalSection(SolutionConfigurationPlatforms) = preSolution
		Debug|Any CPU = Debug|Any CPU
		Release|Any CPU = Release|Any CPU
	EndGlobalSection
	GlobalSection(ProjectConfigurationPlatforms) = postSolution
		{C841620C-3D31-42BE-970B-1CDA0B13C26F}.Debug|Any CPU.ActiveCfg = Debug|Any CPU
		{C841620C-3D31-42BE-970B-1CDA0B13C26F}.Debug|Any CPU.Build.0 = Debug|Any CPU
		{C841620C-3D31-42BE-970B-1CDA0B13C26F}.Release|Any CPU.ActiveCfg = Release|Any CPU
		{C841620C-3D31-42BE-970B-1CDA0B13C26F}.Release|Any CPU.Build.0 = Release|Any CPU
		{D91CECDC-76AE-4A41-9FA0-39F8FD5160F6}.Debug|Any CPU.ActiveCfg = Debug|Any CPU
		{D91CECDC-76AE-4A41-9FA0-39F8FD5160F6}.Debug|Any CPU.Build.0 = Debug|Any CPU
		{D91CECDC-76AE-4A41-9FA0-39F8FD5160F6}.Release|Any CPU.ActiveCfg = Release|Any CPU
		{D91CECDC-76AE-4A41-9FA0-39F8FD5160F6}.Release|Any CPU.Build.0 = Release|Any CPU
	EndGlobalSection
	GlobalSection(SolutionProperties) = preSolution
		HideSolutionNode = FALSE
	EndGlobalSection
EndGlobal
